
Microsoft Visual Studio Solution File, Format Version 12.00
# Visual Studio Version 17
VisualStudioVersion = 17.0.31903.59
MinimumVisualStudioVersion = 10.0.40219.1
Project("{9A19103F-16F7-4668-BE54-9A1E7A4F7556}") = "Implementation", "src\Implementation\Implementation.csproj", "{006616AE-65E9-43CD-8200-BBF232AC26F1}"
EndProject
Project("{FAE04EC0-301F-11D3-BF4B-00C04F79EFBC}") = "Server", "src\Server\Server.csproj", "{62065EB3-7F4F-4F1B-8E30-C445A5B101E9}"
EndProject
Project("{FAE04EC0-301F-11D3-BF4B-00C04F79EFBC}") = "Client", "src\Client\Client.csproj", "{C3F2874F-8270-45AC-83F7-5DEF5C6BE9B1}"
EndProject
Global
	GlobalSection(SolutionConfigurationPlatforms) = preSolution
		Debug|Any CPU = Debug|Any CPU
		Release|Any CPU = Release|Any CPU
	EndGlobalSection
	GlobalSection(ProjectConfigurationPlatforms) = postSolution
		{006616AE-65E9-43CD-8200-BBF232AC26F1}.Debug|Any CPU.ActiveCfg = Debug|Any CPU
		{006616AE-65E9-43CD-8200-BBF232AC26F1}.Debug|Any CPU.Build.0 = Debug|Any CPU
		{006616AE-65E9-43CD-8200-BBF232AC26F1}.Release|Any CPU.ActiveCfg = Release|Any CPU
		{006616AE-65E9-43CD-8200-BBF232AC26F1}.Release|Any CPU.Build.0 = Release|Any CPU
		{62065EB3-7F4F-4F1B-8E30-C445A5B101E9}.Debug|Any CPU.ActiveCfg = Debug|Any CPU
		{62065EB3-7F4F-4F1B-8E30-C445A5B101E9}.Debug|Any CPU.Build.0 = Debug|Any CPU
		{62065EB3-7F4F-4F1B-8E30-C445A5B101E9}.Release|Any CPU.ActiveCfg = Release|Any CPU
		{62065EB3-7F4F-4F1B-8E30-C445A5B101E9}.Release|Any CPU.Build.0 = Release|Any CPU
		{C3F2874F-8270-45AC-83F7-5DEF5C6BE9B1}.Debug|Any CPU.ActiveCfg = Debug|Any CPU
		{C3F2874F-8270-45AC-83F7-5DEF5C6BE9B1}.Debug|Any CPU.Build.0 = Debug|Any CPU
		{C3F2874F-8270-45AC-83F7-5DEF5C6BE9B1}.Release|Any CPU.ActiveCfg = Release|Any CPU
		{C3F2874F-8270-45AC-83F7-5DEF5C6BE9B1}.Release|Any CPU.Build.0 = Release|Any CPU
	EndGlobalSection
	GlobalSection(SolutionProperties) = preSolution
		HideSolutionNode = FALSE
	EndGlobalSection
	GlobalSection(ExtensibilityGlobals) = postSolution
		SolutionGuid = {DABB64CF-0D3F-4C6D-8BF4-B80CD716AEA4}
	EndGlobalSection
EndGlobal
